
Microsoft Visual Studio Solution File, Format Version 12.00
Project("{FAE04EC0-301F-11D3-BF4B-00C04F79EFBC}") = "TestTask.API", "TestTask.API\TestTask.API.csproj", "{80DA114B-A0B0-4903-A210-8C48D3B416E7}"
EndProject
Project("{FAE04EC0-301F-11D3-BF4B-00C04F79EFBC}") = "TestTask.API.Tests", "TestTask.API.Tests\TestTask.API.Tests.csproj", "{AD147BCC-E280-4CD6-80DD-77DD79151572}"
EndProject
Project("{FAE04EC0-301F-11D3-BF4B-00C04F79EFBC}") = "TestTask.Data", "TestTask.Data\TestTask.Data.csproj", "{5E789D24-62A5-4390-A63C-EF45F78D9ED3}"
EndProject
Project("{2150E333-8FDC-42A3-9474-1A3956D46DE8}") = "0 Data", "0 Data", "{4AECA4D4-AC61-420A-9A57-8524D888931B}"
EndProject
Project("{2150E333-8FDC-42A3-9474-1A3956D46DE8}") = "2 API", "2 API", "{268C70E6-5153-45F6-B0DD-3EB1151CBF6A}"
EndProject
Project("{2150E333-8FDC-42A3-9474-1A3956D46DE8}") = "3 Tests", "3 Tests", "{82E479B9-41C6-4EB1-8B68-B69FC26F8D9C}"
EndProject
Project("{2150E333-8FDC-42A3-9474-1A3956D46DE8}") = "1 Services", "1 Services", "{4AF5DF34-ADB2-41CC-B4EF-E741EA302643}"
EndProject
Project("{FAE04EC0-301F-11D3-BF4B-00C04F79EFBC}") = "TestTask.Services", "TestTask.Services\TestTask.Services.csproj", "{82480C5C-07C0-4A6F-8B25-E1886E7A7070}"
EndProject
Project("{2150E333-8FDC-42A3-9474-1A3956D46DE8}") = "0 Common", "0 Common", "{26BAAF8E-F5E0-497A-8DB9-3009976AA7CB}"
EndProject
Project("{FAE04EC0-301F-11D3-BF4B-00C04F79EFBC}") = "TestTask.Utils", "TestTask.Utils\TestTask.Utils.csproj", "{9413C65D-8EA7-475D-B650-BE6C75F95BC2}"
EndProject
Global
	GlobalSection(SolutionConfigurationPlatforms) = preSolution
		Debug|Any CPU = Debug|Any CPU
		Release|Any CPU = Release|Any CPU
	EndGlobalSection
	GlobalSection(ProjectConfigurationPlatforms) = postSolution
		{80DA114B-A0B0-4903-A210-8C48D3B416E7}.Debug|Any CPU.ActiveCfg = Debug|Any CPU
		{80DA114B-A0B0-4903-A210-8C48D3B416E7}.Debug|Any CPU.Build.0 = Debug|Any CPU
		{80DA114B-A0B0-4903-A210-8C48D3B416E7}.Release|Any CPU.ActiveCfg = Release|Any CPU
		{80DA114B-A0B0-4903-A210-8C48D3B416E7}.Release|Any CPU.Build.0 = Release|Any CPU
		{AD147BCC-E280-4CD6-80DD-77DD79151572}.Debug|Any CPU.ActiveCfg = Debug|Any CPU
		{AD147BCC-E280-4CD6-80DD-77DD79151572}.Debug|Any CPU.Build.0 = Debug|Any CPU
		{AD147BCC-E280-4CD6-80DD-77DD79151572}.Release|Any CPU.ActiveCfg = Release|Any CPU
		{AD147BCC-E280-4CD6-80DD-77DD79151572}.Release|Any CPU.Build.0 = Release|Any CPU
		{5E789D24-62A5-4390-A63C-EF45F78D9ED3}.Debug|Any CPU.ActiveCfg = Debug|Any CPU
		{5E789D24-62A5-4390-A63C-EF45F78D9ED3}.Debug|Any CPU.Build.0 = Debug|Any CPU
		{5E789D24-62A5-4390-A63C-EF45F78D9ED3}.Release|Any CPU.ActiveCfg = Release|Any CPU
		{5E789D24-62A5-4390-A63C-EF45F78D9ED3}.Release|Any CPU.Build.0 = Release|Any CPU
		{82480C5C-07C0-4A6F-8B25-E1886E7A7070}.Debug|Any CPU.ActiveCfg = Debug|Any CPU
		{82480C5C-07C0-4A6F-8B25-E1886E7A7070}.Debug|Any CPU.Build.0 = Debug|Any CPU
		{82480C5C-07C0-4A6F-8B25-E1886E7A7070}.Release|Any CPU.ActiveCfg = Release|Any CPU
		{82480C5C-07C0-4A6F-8B25-E1886E7A7070}.Release|Any CPU.Build.0 = Release|Any CPU
		{9413C65D-8EA7-475D-B650-BE6C75F95BC2}.Debug|Any CPU.ActiveCfg = Debug|Any CPU
		{9413C65D-8EA7-475D-B650-BE6C75F95BC2}.Debug|Any CPU.Build.0 = Debug|Any CPU
		{9413C65D-8EA7-475D-B650-BE6C75F95BC2}.Release|Any CPU.ActiveCfg = Release|Any CPU
		{9413C65D-8EA7-475D-B650-BE6C75F95BC2}.Release|Any CPU.Build.0 = Release|Any CPU
	EndGlobalSection
	GlobalSection(NestedProjects) = preSolution
		{5E789D24-62A5-4390-A63C-EF45F78D9ED3} = {4AECA4D4-AC61-420A-9A57-8524D888931B}
		{80DA114B-A0B0-4903-A210-8C48D3B416E7} = {268C70E6-5153-45F6-B0DD-3EB1151CBF6A}
		{AD147BCC-E280-4CD6-80DD-77DD79151572} = {82E479B9-41C6-4EB1-8B68-B69FC26F8D9C}
		{82480C5C-07C0-4A6F-8B25-E1886E7A7070} = {4AF5DF34-ADB2-41CC-B4EF-E741EA302643}
		{9413C65D-8EA7-475D-B650-BE6C75F95BC2} = {26BAAF8E-F5E0-497A-8DB9-3009976AA7CB}
	EndGlobalSection
EndGlobal
